// !$*UTF8*$!
{
	archiveVersion = 1;
	classes = {
	};
	objectVersion = 50;
	objects = {

/* Begin PBXBuildFile section */
		C5A52CD926A8A55500C6661E /* ML_Lib.hpp in Headers */ = {isa = PBXBuildFile; fileRef = C5A52CD726A8A55500C6661E /* ML_Lib.hpp */; };
		C5A52CDC26A99A2800C6661E /* ActivationFunctions.hpp in Headers */ = {isa = PBXBuildFile; fileRef = C5A52CDB26A99A2800C6661E /* ActivationFunctions.hpp */; };
		C5A52CE126AAE52300C6661E /* FFNN.cpp in Sources */ = {isa = PBXBuildFile; fileRef = C5A52CDF26AAE52300C6661E /* FFNN.cpp */; };
		C5A52CE226AAE52300C6661E /* FFNN.hpp in Headers */ = {isa = PBXBuildFile; fileRef = C5A52CE026AAE52300C6661E /* FFNN.hpp */; };
		C5A52CE526AAE53100C6661E /* Layer.cpp in Sources */ = {isa = PBXBuildFile; fileRef = C5A52CE326AAE53100C6661E /* Layer.cpp */; };
		C5A52CE626AAE53100C6661E /* Layer.hpp in Headers */ = {isa = PBXBuildFile; fileRef = C5A52CE426AAE53100C6661E /* Layer.hpp */; };
		C5A52CE926AAE55D00C6661E /* Matrix.cpp in Sources */ = {isa = PBXBuildFile; fileRef = C5A52CE726AAE55D00C6661E /* Matrix.cpp */; };
		C5A52CEA26AAE55D00C6661E /* Matrix.hpp in Headers */ = {isa = PBXBuildFile; fileRef = C5A52CE826AAE55D00C6661E /* Matrix.hpp */; };
		C5A52CF126AAF20100C6661E /* ConvNN.cpp in Sources */ = {isa = PBXBuildFile; fileRef = C5A52CEF26AAF20100C6661E /* ConvNN.cpp */; };
		C5A52CF226AAF20100C6661E /* ConvNN.hpp in Headers */ = {isa = PBXBuildFile; fileRef = C5A52CF026AAF20100C6661E /* ConvNN.hpp */; };
		C5F02DD926AF536E000F3218 /* Convolutional_Layer.cpp in Sources */ = {isa = PBXBuildFile; fileRef = C5F02DD726AF536D000F3218 /* Convolutional_Layer.cpp */; };
		C5F02DDA26AF536E000F3218 /* Convolutional_Layer.hpp in Headers */ = {isa = PBXBuildFile; fileRef = C5F02DD826AF536E000F3218 /* Convolutional_Layer.hpp */; };
		C5F02DDE26B0A7CA000F3218 /* ImageReader.cpp in Sources */ = {isa = PBXBuildFile; fileRef = C5F02DDC26B0A7CA000F3218 /* ImageReader.cpp */; };
		C5F02DDF26B0A7CA000F3218 /* ImageReader.hpp in Headers */ = {isa = PBXBuildFile; fileRef = C5F02DDD26B0A7CA000F3218 /* ImageReader.hpp */; };
/* End PBXBuildFile section */

/* Begin PBXFileReference section */
		C5A52CCB26A8A49900C6661E /* libML_Lib.a */ = {isa = PBXFileReference; explicitFileType = archive.ar; includeInIndex = 0; path = libML_Lib.a; sourceTree = BUILT_PRODUCTS_DIR; };
		C5A52CD726A8A55500C6661E /* ML_Lib.hpp */ = {isa = PBXFileReference; lastKnownFileType = sourcecode.cpp.h; path = ML_Lib.hpp; sourceTree = "<group>"; };
		C5A52CDB26A99A2800C6661E /* ActivationFunctions.hpp */ = {isa = PBXFileReference; lastKnownFileType = sourcecode.cpp.h; path = ActivationFunctions.hpp; sourceTree = "<group>"; };
		C5A52CDF26AAE52300C6661E /* FFNN.cpp */ = {isa = PBXFileReference; lastKnownFileType = sourcecode.cpp.cpp; path = FFNN.cpp; sourceTree = "<group>"; };
		C5A52CE026AAE52300C6661E /* FFNN.hpp */ = {isa = PBXFileReference; lastKnownFileType = sourcecode.cpp.h; path = FFNN.hpp; sourceTree = "<group>"; };
		C5A52CE326AAE53100C6661E /* Layer.cpp */ = {isa = PBXFileReference; lastKnownFileType = sourcecode.cpp.cpp; path = Layer.cpp; sourceTree = "<group>"; };
		C5A52CE426AAE53100C6661E /* Layer.hpp */ = {isa = PBXFileReference; lastKnownFileType = sourcecode.cpp.h; path = Layer.hpp; sourceTree = "<group>"; };
		C5A52CE726AAE55D00C6661E /* Matrix.cpp */ = {isa = PBXFileReference; lastKnownFileType = sourcecode.cpp.cpp; path = Matrix.cpp; sourceTree = "<group>"; };
		C5A52CE826AAE55D00C6661E /* Matrix.hpp */ = {isa = PBXFileReference; lastKnownFileType = sourcecode.cpp.h; path = Matrix.hpp; sourceTree = "<group>"; };
		C5A52CEF26AAF20100C6661E /* ConvNN.cpp */ = {isa = PBXFileReference; lastKnownFileType = sourcecode.cpp.cpp; path = ConvNN.cpp; sourceTree = "<group>"; };
		C5A52CF026AAF20100C6661E /* ConvNN.hpp */ = {isa = PBXFileReference; lastKnownFileType = sourcecode.cpp.h; path = ConvNN.hpp; sourceTree = "<group>"; };
		C5F02DD726AF536D000F3218 /* Convolutional_Layer.cpp */ = {isa = PBXFileReference; lastKnownFileType = sourcecode.cpp.cpp; path = Convolutional_Layer.cpp; sourceTree = "<group>"; };
		C5F02DD826AF536E000F3218 /* Convolutional_Layer.hpp */ = {isa = PBXFileReference; lastKnownFileType = sourcecode.cpp.h; path = Convolutional_Layer.hpp; sourceTree = "<group>"; };
		C5F02DDC26B0A7CA000F3218 /* ImageReader.cpp */ = {isa = PBXFileReference; lastKnownFileType = sourcecode.cpp.cpp; path = ImageReader.cpp; sourceTree = "<group>"; };
		C5F02DDD26B0A7CA000F3218 /* ImageReader.hpp */ = {isa = PBXFileReference; lastKnownFileType = sourcecode.cpp.h; path = ImageReader.hpp; sourceTree = "<group>"; };
/* End PBXFileReference section */

/* Begin PBXFrameworksBuildPhase section */
		C5A52CC926A8A49900C6661E /* Frameworks */ = {
			isa = PBXFrameworksBuildPhase;
			buildActionMask = 2147483647;
			files = (
			);
			runOnlyForDeploymentPostprocessing = 0;
		};
/* End PBXFrameworksBuildPhase section */

/* Begin PBXGroup section */
		C5A52CC226A8A49900C6661E = {
			isa = PBXGroup;
			children = (
				C5A52CD226A8A4D100C6661E /* ML_Lib */,
				C5A52CCC26A8A49900C6661E /* Products */,
			);
			sourceTree = "<group>";
		};
		C5A52CCC26A8A49900C6661E /* Products */ = {
			isa = PBXGroup;
			children = (
				C5A52CCB26A8A49900C6661E /* libML_Lib.a */,
			);
			name = Products;
			sourceTree = "<group>";
		};
		C5A52CD226A8A4D100C6661E /* ML_Lib */ = {
			isa = PBXGroup;
			children = (
				C5A52CD526A8A4F900C6661E /* ConvNeuralNetwork */,
				C5A52CD426A8A4E400C6661E /* FFNeuralNetwork */,
				C5A52CD326A8A4DD00C6661E /* SharedDep */,
				C5A52CD726A8A55500C6661E /* ML_Lib.hpp */,
			);
			path = ML_Lib;
			sourceTree = "<group>";
		};
		C5A52CD326A8A4DD00C6661E /* SharedDep */ = {
			isa = PBXGroup;
			children = (
				C5A52CDB26A99A2800C6661E /* ActivationFunctions.hpp */,
				C5F02DDB26B0A770000F3218 /* ImageReader */,
				C5A52CEC26AAE56F00C6661E /* Matrix */,
			);
			path = SharedDep;
			sourceTree = "<group>";
		};
		C5A52CD426A8A4E400C6661E /* FFNeuralNetwork */ = {
			isa = PBXGroup;
			children = (
				C5A52CDD26AAE4FF00C6661E /* Headers */,
				C5A52CDE26AAE50400C6661E /* Sources */,
			);
			path = FFNeuralNetwork;
			sourceTree = "<group>";
		};
		C5A52CD526A8A4F900C6661E /* ConvNeuralNetwork */ = {
			isa = PBXGroup;
			children = (
				C5A52CED26AAF18700C6661E /* Headers */,
				C5A52CEE26AAF18C00C6661E /* Sources */,
			);
			path = ConvNeuralNetwork;
			sourceTree = "<group>";
		};
		C5A52CDD26AAE4FF00C6661E /* Headers */ = {
			isa = PBXGroup;
			children = (
				C5A52CE026AAE52300C6661E /* FFNN.hpp */,
				C5A52CE426AAE53100C6661E /* Layer.hpp */,
			);
			path = Headers;
			sourceTree = "<group>";
		};
		C5A52CDE26AAE50400C6661E /* Sources */ = {
			isa = PBXGroup;
			children = (
				C5A52CDF26AAE52300C6661E /* FFNN.cpp */,
				C5A52CE326AAE53100C6661E /* Layer.cpp */,
			);
			path = Sources;
			sourceTree = "<group>";
		};
		C5A52CEC26AAE56F00C6661E /* Matrix */ = {
			isa = PBXGroup;
			children = (
				C5A52CE726AAE55D00C6661E /* Matrix.cpp */,
				C5A52CE826AAE55D00C6661E /* Matrix.hpp */,
			);
			path = Matrix;
			sourceTree = "<group>";
		};
		C5A52CED26AAF18700C6661E /* Headers */ = {
			isa = PBXGroup;
			children = (
				C5A52CF026AAF20100C6661E /* ConvNN.hpp */,
				C5F02DD826AF536E000F3218 /* Convolutional_Layer.hpp */,
			);
			path = Headers;
			sourceTree = "<group>";
		};
		C5A52CEE26AAF18C00C6661E /* Sources */ = {
			isa = PBXGroup;
			children = (
				C5F02DD726AF536D000F3218 /* Convolutional_Layer.cpp */,
				C5A52CEF26AAF20100C6661E /* ConvNN.cpp */,
			);
			path = Sources;
			sourceTree = "<group>";
		};
		C5F02DDB26B0A770000F3218 /* ImageReader */ = {
			isa = PBXGroup;
			children = (
				C5F02DDC26B0A7CA000F3218 /* ImageReader.cpp */,
				C5F02DDD26B0A7CA000F3218 /* ImageReader.hpp */,
			);
			path = ImageReader;
			sourceTree = "<group>";
		};
/* End PBXGroup section */

/* Begin PBXHeadersBuildPhase section */
		C5A52CC726A8A49900C6661E /* Headers */ = {
			isa = PBXHeadersBuildPhase;
			buildActionMask = 2147483647;
			files = (
				C5F02DDA26AF536E000F3218 /* Convolutional_Layer.hpp in Headers */,
				C5A52CE626AAE53100C6661E /* Layer.hpp in Headers */,
				C5A52CDC26A99A2800C6661E /* ActivationFunctions.hpp in Headers */,
				C5F02DDF26B0A7CA000F3218 /* ImageReader.hpp in Headers */,
				C5A52CF226AAF20100C6661E /* ConvNN.hpp in Headers */,
				C5A52CE226AAE52300C6661E /* FFNN.hpp in Headers */,
				C5A52CD926A8A55500C6661E /* ML_Lib.hpp in Headers */,
				C5A52CEA26AAE55D00C6661E /* Matrix.hpp in Headers */,
			);
			runOnlyForDeploymentPostprocessing = 0;
		};
/* End PBXHeadersBuildPhase section */

/* Begin PBXNativeTarget section */
		C5A52CCA26A8A49900C6661E /* ML_Lib */ = {
			isa = PBXNativeTarget;
			buildConfigurationList = C5A52CCF26A8A49900C6661E /* Build configuration list for PBXNativeTarget "ML_Lib" */;
			buildPhases = (
				C5A52CC726A8A49900C6661E /* Headers */,
				C5A52CC826A8A49900C6661E /* Sources */,
				C5A52CC926A8A49900C6661E /* Frameworks */,
			);
			buildRules = (
			);
			dependencies = (
			);
			name = ML_Lib;
			productName = ML_Lib;
			productReference = C5A52CCB26A8A49900C6661E /* libML_Lib.a */;
			productType = "com.apple.product-type.library.static";
		};
/* End PBXNativeTarget section */

/* Begin PBXProject section */
		C5A52CC326A8A49900C6661E /* Project object */ = {
			isa = PBXProject;
			attributes = {
				LastUpgradeCheck = 1250;
				TargetAttributes = {
					C5A52CCA26A8A49900C6661E = {
						CreatedOnToolsVersion = 12.5.1;
					};
				};
			};
			buildConfigurationList = C5A52CC626A8A49900C6661E /* Build configuration list for PBXProject "ML_Lib" */;
			compatibilityVersion = "Xcode 9.3";
			developmentRegion = en;
			hasScannedForEncodings = 0;
			knownRegions = (
				en,
				Base,
			);
			mainGroup = C5A52CC226A8A49900C6661E;
			productRefGroup = C5A52CCC26A8A49900C6661E /* Products */;
			projectDirPath = "";
			projectRoot = "";
			targets = (
				C5A52CCA26A8A49900C6661E /* ML_Lib */,
			);
		};
/* End PBXProject section */

/* Begin PBXSourcesBuildPhase section */
		C5A52CC826A8A49900C6661E /* Sources */ = {
			isa = PBXSourcesBuildPhase;
			buildActionMask = 2147483647;
			files = (
				C5A52CE926AAE55D00C6661E /* Matrix.cpp in Sources */,
				C5A52CF126AAF20100C6661E /* ConvNN.cpp in Sources */,
				C5F02DDE26B0A7CA000F3218 /* ImageReader.cpp in Sources */,
				C5F02DD926AF536E000F3218 /* Convolutional_Layer.cpp in Sources */,
				C5A52CE526AAE53100C6661E /* Layer.cpp in Sources */,
				C5A52CE126AAE52300C6661E /* FFNN.cpp in Sources */,
			);
			runOnlyForDeploymentPostprocessing = 0;
		};
/* End PBXSourcesBuildPhase section */

/* Begin XCBuildConfiguration section */
		C5A52CCD26A8A49900C6661E /* Debug */ = {
			isa = XCBuildConfiguration;
			buildSettings = {
				ALWAYS_SEARCH_USER_PATHS = NO;
				CLANG_ANALYZER_NONNULL = YES;
				CLANG_ANALYZER_NUMBER_OBJECT_CONVERSION = YES_AGGRESSIVE;
				CLANG_CXX_LANGUAGE_STANDARD = "gnu++14";
				CLANG_CXX_LIBRARY = "libc++";
				CLANG_ENABLE_MODULES = YES;
				CLANG_ENABLE_OBJC_ARC = YES;
				CLANG_ENABLE_OBJC_WEAK = YES;
				CLANG_WARN_BLOCK_CAPTURE_AUTORELEASING = YES;
				CLANG_WARN_BOOL_CONVERSION = YES;
				CLANG_WARN_COMMA = YES;
				CLANG_WARN_CONSTANT_CONVERSION = YES;
				CLANG_WARN_DEPRECATED_OBJC_IMPLEMENTATIONS = YES;
				CLANG_WARN_DIRECT_OBJC_ISA_USAGE = YES_ERROR;
				CLANG_WARN_DOCUMENTATION_COMMENTS = YES;
				CLANG_WARN_EMPTY_BODY = YES;
				CLANG_WARN_ENUM_CONVERSION = YES;
				CLANG_WARN_INFINITE_RECURSION = YES;
				CLANG_WARN_INT_CONVERSION = YES;
				CLANG_WARN_NON_LITERAL_NULL_CONVERSION = YES;
				CLANG_WARN_OBJC_IMPLICIT_RETAIN_SELF = YES;
				CLANG_WARN_OBJC_LITERAL_CONVERSION = YES;
				CLANG_WARN_OBJC_ROOT_CLASS = YES_ERROR;
				CLANG_WARN_QUOTED_INCLUDE_IN_FRAMEWORK_HEADER = YES;
				CLANG_WARN_RANGE_LOOP_ANALYSIS = YES;
				CLANG_WARN_STRICT_PROTOTYPES = YES;
				CLANG_WARN_SUSPICIOUS_MOVE = YES;
				CLANG_WARN_UNGUARDED_AVAILABILITY = YES_AGGRESSIVE;
				CLANG_WARN_UNREACHABLE_CODE = YES;
				CLANG_WARN__DUPLICATE_METHOD_MATCH = YES;
				COPY_PHASE_STRIP = NO;
				DEBUG_INFORMATION_FORMAT = dwarf;
				ENABLE_STRICT_OBJC_MSGSEND = YES;
				ENABLE_TESTABILITY = YES;
				GCC_C_LANGUAGE_STANDARD = gnu11;
				GCC_DYNAMIC_NO_PIC = NO;
				GCC_NO_COMMON_BLOCKS = YES;
				GCC_OPTIMIZATION_LEVEL = 0;
				GCC_PREPROCESSOR_DEFINITIONS = (
					"DEBUG=1",
					"$(inherited)",
				);
				GCC_WARN_64_TO_32_BIT_CONVERSION = YES;
				GCC_WARN_ABOUT_RETURN_TYPE = YES_ERROR;
				GCC_WARN_UNDECLARED_SELECTOR = YES;
				GCC_WARN_UNINITIALIZED_AUTOS = YES_AGGRESSIVE;
				GCC_WARN_UNUSED_FUNCTION = YES;
				GCC_WARN_UNUSED_VARIABLE = YES;
				"HEADER_SEARCH_PATHS[arch=*]" = "/Users/thiviyansaravanamuthu/Nextcloud/Programming/Development/Cpp-Projects/ML/ML_Lib/ML_Lib";
				MACOSX_DEPLOYMENT_TARGET = 11.3;
				MTL_ENABLE_DEBUG_INFO = INCLUDE_SOURCE;
				MTL_FAST_MATH = YES;
				ONLY_ACTIVE_ARCH = YES;
				SDKROOT = macosx;
				USE_HEADERMAP = YES;
			};
			name = Debug;
		};
		C5A52CCE26A8A49900C6661E /* Release */ = {
			isa = XCBuildConfiguration;
			buildSettings = {
				ALWAYS_SEARCH_USER_PATHS = NO;
				CLANG_ANALYZER_NONNULL = YES;
				CLANG_ANALYZER_NUMBER_OBJECT_CONVERSION = YES_AGGRESSIVE;
				CLANG_CXX_LANGUAGE_STANDARD = "gnu++14";
				CLANG_CXX_LIBRARY = "libc++";
				CLANG_ENABLE_MODULES = YES;
				CLANG_ENABLE_OBJC_ARC = YES;
				CLANG_ENABLE_OBJC_WEAK = YES;
				CLANG_WARN_BLOCK_CAPTURE_AUTORELEASING = YES;
				CLANG_WARN_BOOL_CONVERSION = YES;
				CLANG_WARN_COMMA = YES;
				CLANG_WARN_CONSTANT_CONVERSION = YES;
				CLANG_WARN_DEPRECATED_OBJC_IMPLEMENTATIONS = YES;
				CLANG_WARN_DIRECT_OBJC_ISA_USAGE = YES_ERROR;
				CLANG_WARN_DOCUMENTATION_COMMENTS = YES;
				CLANG_WARN_EMPTY_BODY = YES;
				CLANG_WARN_ENUM_CONVERSION = YES;
				CLANG_WARN_INFINITE_RECURSION = YES;
				CLANG_WARN_INT_CONVERSION = YES;
				CLANG_WARN_NON_LITERAL_NULL_CONVERSION = YES;
				CLANG_WARN_OBJC_IMPLICIT_RETAIN_SELF = YES;
				CLANG_WARN_OBJC_LITERAL_CONVERSION = YES;
				CLANG_WARN_OBJC_ROOT_CLASS = YES_ERROR;
				CLANG_WARN_QUOTED_INCLUDE_IN_FRAMEWORK_HEADER = YES;
				CLANG_WARN_RANGE_LOOP_ANALYSIS = YES;
				CLANG_WARN_STRICT_PROTOTYPES = YES;
				CLANG_WARN_SUSPICIOUS_MOVE = YES;
				CLANG_WARN_UNGUARDED_AVAILABILITY = YES_AGGRESSIVE;
				CLANG_WARN_UNREACHABLE_CODE = YES;
				CLANG_WARN__DUPLICATE_METHOD_MATCH = YES;
				COPY_PHASE_STRIP = NO;
				DEBUG_INFORMATION_FORMAT = "dwarf-with-dsym";
				ENABLE_NS_ASSERTIONS = NO;
				ENABLE_STRICT_OBJC_MSGSEND = YES;
				GCC_C_LANGUAGE_STANDARD = gnu11;
				GCC_NO_COMMON_BLOCKS = YES;
				GCC_WARN_64_TO_32_BIT_CONVERSION = YES;
				GCC_WARN_ABOUT_RETURN_TYPE = YES_ERROR;
				GCC_WARN_UNDECLARED_SELECTOR = YES;
				GCC_WARN_UNINITIALIZED_AUTOS = YES_AGGRESSIVE;
				GCC_WARN_UNUSED_FUNCTION = YES;
				GCC_WARN_UNUSED_VARIABLE = YES;
				HEADER_SEARCH_PATHS = "/Users/thiviyansaravanamuthu/Nextcloud/Programming/Development/Cpp-Projects/ML/ML_Lib/ML_Lib";
				MACOSX_DEPLOYMENT_TARGET = 11.3;
				MTL_ENABLE_DEBUG_INFO = NO;
				MTL_FAST_MATH = YES;
				SDKROOT = macosx;
				USE_HEADERMAP = YES;
			};
			name = Release;
		};
		C5A52CD026A8A49900C6661E /* Debug */ = {
			isa = XCBuildConfiguration;
			buildSettings = {
				CODE_SIGN_STYLE = Automatic;
				DEVELOPMENT_TEAM = NGD2YKJV75;
				EXECUTABLE_PREFIX = lib;
				PRODUCT_NAME = "$(TARGET_NAME)";
				SKIP_INSTALL = YES;
			};
			name = Debug;
		};
		C5A52CD126A8A49900C6661E /* Release */ = {
			isa = XCBuildConfiguration;
			buildSettings = {
				CODE_SIGN_STYLE = Automatic;
				DEVELOPMENT_TEAM = NGD2YKJV75;
				EXECUTABLE_PREFIX = lib;
				PRODUCT_NAME = "$(TARGET_NAME)";
				SKIP_INSTALL = YES;
			};
			name = Release;
		};
/* End XCBuildConfiguration section */

/* Begin XCConfigurationList section */
		C5A52CC626A8A49900C6661E /* Build configuration list for PBXProject "ML_Lib" */ = {
			isa = XCConfigurationList;
			buildConfigurations = (
				C5A52CCD26A8A49900C6661E /* Debug */,
				C5A52CCE26A8A49900C6661E /* Release */,
			);
			defaultConfigurationIsVisible = 0;
			defaultConfigurationName = Release;
		};
		C5A52CCF26A8A49900C6661E /* Build configuration list for PBXNativeTarget "ML_Lib" */ = {
			isa = XCConfigurationList;
			buildConfigurations = (
				C5A52CD026A8A49900C6661E /* Debug */,
				C5A52CD126A8A49900C6661E /* Release */,
			);
			defaultConfigurationIsVisible = 0;
			defaultConfigurationName = Release;
		};
/* End XCConfigurationList section */
	};
	rootObject = C5A52CC326A8A49900C6661E /* Project object */;
}
